// !$*UTF8*$!
{
	archiveVersion = 1;
	classes = {
	};
	objectVersion = 56;
	objects = {

/* Begin PBXBuildFile section */
		80604D8A2A0D020E00084061 /* ProductDetailViewController.swift in Sources */ = {isa = PBXBuildFile; fileRef = 80604D892A0D020E00084061 /* ProductDetailViewController.swift */; };
		806FA02E2A0FB24700240097 /* StoreAppNetwork.docc in Sources */ = {isa = PBXBuildFile; fileRef = 806FA02D2A0FB24700240097 /* StoreAppNetwork.docc */; };
		806FA0342A0FB24700240097 /* StoreAppNetwork.framework in Frameworks */ = {isa = PBXBuildFile; fileRef = 806FA02A2A0FB24700240097 /* StoreAppNetwork.framework */; };
		806FA03B2A0FB24700240097 /* StoreAppNetworkTests.swift in Sources */ = {isa = PBXBuildFile; fileRef = 806FA03A2A0FB24700240097 /* StoreAppNetworkTests.swift */; };
		806FA03C2A0FB24700240097 /* StoreAppNetwork.h in Headers */ = {isa = PBXBuildFile; fileRef = 806FA02C2A0FB24700240097 /* StoreAppNetwork.h */; settings = {ATTRIBUTES = (Public, ); }; };
		806FA03F2A0FB24700240097 /* StoreAppNetwork.framework in Frameworks */ = {isa = PBXBuildFile; fileRef = 806FA02A2A0FB24700240097 /* StoreAppNetwork.framework */; };
		806FA0402A0FB24700240097 /* StoreAppNetwork.framework in Embed Frameworks */ = {isa = PBXBuildFile; fileRef = 806FA02A2A0FB24700240097 /* StoreAppNetwork.framework */; settings = {ATTRIBUTES = (CodeSignOnCopy, RemoveHeadersOnCopy, ); }; };
		806FA04C2A0FB31D00240097 /* ProductModel.swift in Sources */ = {isa = PBXBuildFile; fileRef = 806FA04B2A0FB31D00240097 /* ProductModel.swift */; };
		806FA04F2A0FB3C900240097 /* HTTPClient.swift in Sources */ = {isa = PBXBuildFile; fileRef = 806FA04E2A0FB3C900240097 /* HTTPClient.swift */; };
		806FA0512A0FB3E800240097 /* URLSessionHTTPClient.swift in Sources */ = {isa = PBXBuildFile; fileRef = 806FA0502A0FB3E800240097 /* URLSessionHTTPClient.swift */; };
		808CF10E2A0A5E3700D84032 /* AppDelegate.swift in Sources */ = {isa = PBXBuildFile; fileRef = 808CF10D2A0A5E3700D84032 /* AppDelegate.swift */; };
		808CF1102A0A5E3700D84032 /* SceneDelegate.swift in Sources */ = {isa = PBXBuildFile; fileRef = 808CF10F2A0A5E3700D84032 /* SceneDelegate.swift */; };
		808CF1122A0A5E3700D84032 /* HomeViewController.swift in Sources */ = {isa = PBXBuildFile; fileRef = 808CF1112A0A5E3700D84032 /* HomeViewController.swift */; };
		808CF1172A0A5E3800D84032 /* Assets.xcassets in Resources */ = {isa = PBXBuildFile; fileRef = 808CF1162A0A5E3800D84032 /* Assets.xcassets */; };
		808CF11A2A0A5E3800D84032 /* LaunchScreen.storyboard in Resources */ = {isa = PBXBuildFile; fileRef = 808CF1182A0A5E3800D84032 /* LaunchScreen.storyboard */; };
		808CF1252A0A5E3800D84032 /* StoreAppTests.swift in Sources */ = {isa = PBXBuildFile; fileRef = 808CF1242A0A5E3800D84032 /* StoreAppTests.swift */; };
		808CF1402A0A616000D84032 /* HomeCoordinator.swift in Sources */ = {isa = PBXBuildFile; fileRef = 808CF13F2A0A616000D84032 /* HomeCoordinator.swift */; };
/* End PBXBuildFile section */

/* Begin PBXContainerItemProxy section */
		806FA0352A0FB24700240097 /* PBXContainerItemProxy */ = {
			isa = PBXContainerItemProxy;
			containerPortal = 808CF1022A0A5E3700D84032 /* Project object */;
			proxyType = 1;
			remoteGlobalIDString = 806FA0292A0FB24700240097;
			remoteInfo = StoreAppNetwork;
		};
		806FA0372A0FB24700240097 /* PBXContainerItemProxy */ = {
			isa = PBXContainerItemProxy;
			containerPortal = 808CF1022A0A5E3700D84032 /* Project object */;
			proxyType = 1;
			remoteGlobalIDString = 808CF1092A0A5E3700D84032;
			remoteInfo = StoreApp;
		};
		806FA03D2A0FB24700240097 /* PBXContainerItemProxy */ = {
			isa = PBXContainerItemProxy;
			containerPortal = 808CF1022A0A5E3700D84032 /* Project object */;
			proxyType = 1;
			remoteGlobalIDString = 806FA0292A0FB24700240097;
			remoteInfo = StoreAppNetwork;
		};
		808CF1212A0A5E3800D84032 /* PBXContainerItemProxy */ = {
			isa = PBXContainerItemProxy;
			containerPortal = 808CF1022A0A5E3700D84032 /* Project object */;
			proxyType = 1;
			remoteGlobalIDString = 808CF1092A0A5E3700D84032;
			remoteInfo = StoreApp;
		};
/* End PBXContainerItemProxy section */

/* Begin PBXCopyFilesBuildPhase section */
		806FA0412A0FB24700240097 /* Embed Frameworks */ = {
			isa = PBXCopyFilesBuildPhase;
			buildActionMask = 2147483647;
			dstPath = "";
			dstSubfolderSpec = 10;
			files = (
				806FA0402A0FB24700240097 /* StoreAppNetwork.framework in Embed Frameworks */,
			);
			name = "Embed Frameworks";
			runOnlyForDeploymentPostprocessing = 0;
		};
/* End PBXCopyFilesBuildPhase section */

/* Begin PBXFileReference section */
		80604D892A0D020E00084061 /* ProductDetailViewController.swift */ = {isa = PBXFileReference; lastKnownFileType = sourcecode.swift; path = ProductDetailViewController.swift; sourceTree = "<group>"; };
		806FA02A2A0FB24700240097 /* StoreAppNetwork.framework */ = {isa = PBXFileReference; explicitFileType = wrapper.framework; includeInIndex = 0; path = StoreAppNetwork.framework; sourceTree = BUILT_PRODUCTS_DIR; };
		806FA02C2A0FB24700240097 /* StoreAppNetwork.h */ = {isa = PBXFileReference; lastKnownFileType = sourcecode.c.h; path = StoreAppNetwork.h; sourceTree = "<group>"; };
		806FA02D2A0FB24700240097 /* StoreAppNetwork.docc */ = {isa = PBXFileReference; lastKnownFileType = folder.documentationcatalog; path = StoreAppNetwork.docc; sourceTree = "<group>"; };
		806FA0332A0FB24700240097 /* StoreAppNetworkTests.xctest */ = {isa = PBXFileReference; explicitFileType = wrapper.cfbundle; includeInIndex = 0; path = StoreAppNetworkTests.xctest; sourceTree = BUILT_PRODUCTS_DIR; };
		806FA03A2A0FB24700240097 /* StoreAppNetworkTests.swift */ = {isa = PBXFileReference; lastKnownFileType = sourcecode.swift; path = StoreAppNetworkTests.swift; sourceTree = "<group>"; };
		806FA04B2A0FB31D00240097 /* ProductModel.swift */ = {isa = PBXFileReference; lastKnownFileType = sourcecode.swift; path = ProductModel.swift; sourceTree = "<group>"; };
		806FA04E2A0FB3C900240097 /* HTTPClient.swift */ = {isa = PBXFileReference; lastKnownFileType = sourcecode.swift; path = HTTPClient.swift; sourceTree = "<group>"; };
		806FA0502A0FB3E800240097 /* URLSessionHTTPClient.swift */ = {isa = PBXFileReference; lastKnownFileType = sourcecode.swift; path = URLSessionHTTPClient.swift; sourceTree = "<group>"; };
		808CF10A2A0A5E3700D84032 /* StoreApp.app */ = {isa = PBXFileReference; explicitFileType = wrapper.application; includeInIndex = 0; path = StoreApp.app; sourceTree = BUILT_PRODUCTS_DIR; };
		808CF10D2A0A5E3700D84032 /* AppDelegate.swift */ = {isa = PBXFileReference; lastKnownFileType = sourcecode.swift; path = AppDelegate.swift; sourceTree = "<group>"; };
		808CF10F2A0A5E3700D84032 /* SceneDelegate.swift */ = {isa = PBXFileReference; lastKnownFileType = sourcecode.swift; path = SceneDelegate.swift; sourceTree = "<group>"; };
		808CF1112A0A5E3700D84032 /* HomeViewController.swift */ = {isa = PBXFileReference; lastKnownFileType = sourcecode.swift; path = HomeViewController.swift; sourceTree = "<group>"; };
		808CF1162A0A5E3800D84032 /* Assets.xcassets */ = {isa = PBXFileReference; lastKnownFileType = folder.assetcatalog; path = Assets.xcassets; sourceTree = "<group>"; };
		808CF1192A0A5E3800D84032 /* Base */ = {isa = PBXFileReference; lastKnownFileType = file.storyboard; name = Base; path = Base.lproj/LaunchScreen.storyboard; sourceTree = "<group>"; };
		808CF11B2A0A5E3800D84032 /* Info.plist */ = {isa = PBXFileReference; lastKnownFileType = text.plist.xml; path = Info.plist; sourceTree = "<group>"; };
		808CF1202A0A5E3800D84032 /* StoreAppTests.xctest */ = {isa = PBXFileReference; explicitFileType = wrapper.cfbundle; includeInIndex = 0; path = StoreAppTests.xctest; sourceTree = BUILT_PRODUCTS_DIR; };
		808CF1242A0A5E3800D84032 /* StoreAppTests.swift */ = {isa = PBXFileReference; lastKnownFileType = sourcecode.swift; path = StoreAppTests.swift; sourceTree = "<group>"; };
		808CF13F2A0A616000D84032 /* HomeCoordinator.swift */ = {isa = PBXFileReference; lastKnownFileType = sourcecode.swift; path = HomeCoordinator.swift; sourceTree = "<group>"; };
/* End PBXFileReference section */

/* Begin PBXFrameworksBuildPhase section */
		806FA0272A0FB24700240097 /* Frameworks */ = {
			isa = PBXFrameworksBuildPhase;
			buildActionMask = 2147483647;
			files = (
			);
			runOnlyForDeploymentPostprocessing = 0;
		};
		806FA0302A0FB24700240097 /* Frameworks */ = {
			isa = PBXFrameworksBuildPhase;
			buildActionMask = 2147483647;
			files = (
				806FA0342A0FB24700240097 /* StoreAppNetwork.framework in Frameworks */,
			);
			runOnlyForDeploymentPostprocessing = 0;
		};
		808CF1072A0A5E3700D84032 /* Frameworks */ = {
			isa = PBXFrameworksBuildPhase;
			buildActionMask = 2147483647;
			files = (
				806FA03F2A0FB24700240097 /* StoreAppNetwork.framework in Frameworks */,
			);
			runOnlyForDeploymentPostprocessing = 0;
		};
		808CF11D2A0A5E3800D84032 /* Frameworks */ = {
			isa = PBXFrameworksBuildPhase;
			buildActionMask = 2147483647;
			files = (
			);
			runOnlyForDeploymentPostprocessing = 0;
		};
/* End PBXFrameworksBuildPhase section */

/* Begin PBXGroup section */
		80604D882A0D01E600084061 /* ProductDetail */ = {
			isa = PBXGroup;
			children = (
				80604D892A0D020E00084061 /* ProductDetailViewController.swift */,
			);
			path = ProductDetail;
			sourceTree = "<group>";
		};
		806FA02B2A0FB24700240097 /* StoreAppNetwork */ = {
			isa = PBXGroup;
			children = (
				806FA04D2A0FB3BF00240097 /* Client */,
				806FA04A2A0FB2C100240097 /* Service */,
				806FA0492A0FB2A200240097 /* Model */,
				806FA02C2A0FB24700240097 /* StoreAppNetwork.h */,
				806FA02D2A0FB24700240097 /* StoreAppNetwork.docc */,
			);
			path = StoreAppNetwork;
			sourceTree = "<group>";
		};
		806FA0392A0FB24700240097 /* StoreAppNetworkTests */ = {
			isa = PBXGroup;
			children = (
				806FA03A2A0FB24700240097 /* StoreAppNetworkTests.swift */,
			);
			path = StoreAppNetworkTests;
			sourceTree = "<group>";
		};
		806FA0492A0FB2A200240097 /* Model */ = {
			isa = PBXGroup;
			children = (
				806FA04B2A0FB31D00240097 /* ProductModel.swift */,
			);
			path = Model;
			sourceTree = "<group>";
		};
		806FA04A2A0FB2C100240097 /* Service */ = {
			isa = PBXGroup;
			children = (
			);
			path = Service;
			sourceTree = "<group>";
		};
		806FA04D2A0FB3BF00240097 /* Client */ = {
			isa = PBXGroup;
			children = (
				806FA04E2A0FB3C900240097 /* HTTPClient.swift */,
				806FA0502A0FB3E800240097 /* URLSessionHTTPClient.swift */,
			);
			path = Client;
			sourceTree = "<group>";
		};
		808CF1012A0A5E3700D84032 = {
			isa = PBXGroup;
			children = (
				808CF10C2A0A5E3700D84032 /* StoreApp */,
				808CF1232A0A5E3800D84032 /* StoreAppTests */,
				806FA02B2A0FB24700240097 /* StoreAppNetwork */,
				806FA0392A0FB24700240097 /* StoreAppNetworkTests */,
				808CF10B2A0A5E3700D84032 /* Products */,
			);
			sourceTree = "<group>";
		};
		808CF10B2A0A5E3700D84032 /* Products */ = {
			isa = PBXGroup;
			children = (
				808CF10A2A0A5E3700D84032 /* StoreApp.app */,
				808CF1202A0A5E3800D84032 /* StoreAppTests.xctest */,
				806FA02A2A0FB24700240097 /* StoreAppNetwork.framework */,
				806FA0332A0FB24700240097 /* StoreAppNetworkTests.xctest */,
			);
			name = Products;
			sourceTree = "<group>";
		};
		808CF10C2A0A5E3700D84032 /* StoreApp */ = {
			isa = PBXGroup;
			children = (
				808CF10D2A0A5E3700D84032 /* AppDelegate.swift */,
				808CF10F2A0A5E3700D84032 /* SceneDelegate.swift */,
				808CF13D2A0A600C00D84032 /* Scenes */,
				808CF1162A0A5E3800D84032 /* Assets.xcassets */,
				808CF1182A0A5E3800D84032 /* LaunchScreen.storyboard */,
				808CF11B2A0A5E3800D84032 /* Info.plist */,
			);
			path = StoreApp;
			sourceTree = "<group>";
		};
		808CF1232A0A5E3800D84032 /* StoreAppTests */ = {
			isa = PBXGroup;
			children = (
				808CF1242A0A5E3800D84032 /* StoreAppTests.swift */,
			);
			path = StoreAppTests;
			sourceTree = "<group>";
		};
		808CF13D2A0A600C00D84032 /* Scenes */ = {
			isa = PBXGroup;
			children = (
				80604D882A0D01E600084061 /* ProductDetail */,
				808CF13E2A0A601C00D84032 /* Home */,
				808CF13F2A0A616000D84032 /* HomeCoordinator.swift */,
			);
			path = Scenes;
			sourceTree = "<group>";
		};
		808CF13E2A0A601C00D84032 /* Home */ = {
			isa = PBXGroup;
			children = (
				808CF1112A0A5E3700D84032 /* HomeViewController.swift */,
			);
			path = Home;
			sourceTree = "<group>";
		};
/* End PBXGroup section */

/* Begin PBXHeadersBuildPhase section */
		806FA0252A0FB24700240097 /* Headers */ = {
			isa = PBXHeadersBuildPhase;
			buildActionMask = 2147483647;
			files = (
				806FA03C2A0FB24700240097 /* StoreAppNetwork.h in Headers */,
			);
			runOnlyForDeploymentPostprocessing = 0;
		};
/* End PBXHeadersBuildPhase section */

/* Begin PBXNativeTarget section */
		806FA0292A0FB24700240097 /* StoreAppNetwork */ = {
			isa = PBXNativeTarget;
			buildConfigurationList = 806FA0462A0FB24700240097 /* Build configuration list for PBXNativeTarget "StoreAppNetwork" */;
			buildPhases = (
				806FA0252A0FB24700240097 /* Headers */,
				806FA0262A0FB24700240097 /* Sources */,
				806FA0272A0FB24700240097 /* Frameworks */,
				806FA0282A0FB24700240097 /* Resources */,
			);
			buildRules = (
			);
			dependencies = (
			);
			name = StoreAppNetwork;
			productName = StoreAppNetwork;
			productReference = 806FA02A2A0FB24700240097 /* StoreAppNetwork.framework */;
			productType = "com.apple.product-type.framework";
		};
		806FA0322A0FB24700240097 /* StoreAppNetworkTests */ = {
			isa = PBXNativeTarget;
			buildConfigurationList = 806FA0472A0FB24700240097 /* Build configuration list for PBXNativeTarget "StoreAppNetworkTests" */;
			buildPhases = (
				806FA02F2A0FB24700240097 /* Sources */,
				806FA0302A0FB24700240097 /* Frameworks */,
				806FA0312A0FB24700240097 /* Resources */,
			);
			buildRules = (
			);
			dependencies = (
				806FA0362A0FB24700240097 /* PBXTargetDependency */,
				806FA0382A0FB24700240097 /* PBXTargetDependency */,
			);
			name = StoreAppNetworkTests;
			productName = StoreAppNetworkTests;
			productReference = 806FA0332A0FB24700240097 /* StoreAppNetworkTests.xctest */;
			productType = "com.apple.product-type.bundle.unit-test";
		};
		808CF1092A0A5E3700D84032 /* StoreApp */ = {
			isa = PBXNativeTarget;
			buildConfigurationList = 808CF1342A0A5E3800D84032 /* Build configuration list for PBXNativeTarget "StoreApp" */;
			buildPhases = (
				808CF1062A0A5E3700D84032 /* Sources */,
				808CF1072A0A5E3700D84032 /* Frameworks */,
				808CF1082A0A5E3700D84032 /* Resources */,
				806FA0412A0FB24700240097 /* Embed Frameworks */,
			);
			buildRules = (
			);
			dependencies = (
				806FA03E2A0FB24700240097 /* PBXTargetDependency */,
			);
			name = StoreApp;
			productName = StoreApp;
			productReference = 808CF10A2A0A5E3700D84032 /* StoreApp.app */;
			productType = "com.apple.product-type.application";
		};
		808CF11F2A0A5E3800D84032 /* StoreAppTests */ = {
			isa = PBXNativeTarget;
			buildConfigurationList = 808CF1372A0A5E3800D84032 /* Build configuration list for PBXNativeTarget "StoreAppTests" */;
			buildPhases = (
				808CF11C2A0A5E3800D84032 /* Sources */,
				808CF11D2A0A5E3800D84032 /* Frameworks */,
				808CF11E2A0A5E3800D84032 /* Resources */,
			);
			buildRules = (
			);
			dependencies = (
				808CF1222A0A5E3800D84032 /* PBXTargetDependency */,
			);
			name = StoreAppTests;
			productName = StoreAppTests;
			productReference = 808CF1202A0A5E3800D84032 /* StoreAppTests.xctest */;
			productType = "com.apple.product-type.bundle.unit-test";
		};
/* End PBXNativeTarget section */

/* Begin PBXProject section */
		808CF1022A0A5E3700D84032 /* Project object */ = {
			isa = PBXProject;
			attributes = {
				BuildIndependentTargetsInParallel = 1;
				LastSwiftUpdateCheck = 1430;
				LastUpgradeCheck = 1430;
				TargetAttributes = {
					806FA0292A0FB24700240097 = {
						CreatedOnToolsVersion = 14.3;
					};
					806FA0322A0FB24700240097 = {
						CreatedOnToolsVersion = 14.3;
						TestTargetID = 808CF1092A0A5E3700D84032;
					};
					808CF1092A0A5E3700D84032 = {
						CreatedOnToolsVersion = 14.3;
					};
					808CF11F2A0A5E3800D84032 = {
						CreatedOnToolsVersion = 14.3;
						TestTargetID = 808CF1092A0A5E3700D84032;
					};
				};
			};
			buildConfigurationList = 808CF1052A0A5E3700D84032 /* Build configuration list for PBXProject "StoreApp" */;
			compatibilityVersion = "Xcode 14.0";
			developmentRegion = en;
			hasScannedForEncodings = 0;
			knownRegions = (
				en,
				Base,
			);
			mainGroup = 808CF1012A0A5E3700D84032;
			productRefGroup = 808CF10B2A0A5E3700D84032 /* Products */;
			projectDirPath = "";
			projectRoot = "";
			targets = (
				808CF1092A0A5E3700D84032 /* StoreApp */,
				808CF11F2A0A5E3800D84032 /* StoreAppTests */,
				806FA0292A0FB24700240097 /* StoreAppNetwork */,
				806FA0322A0FB24700240097 /* StoreAppNetworkTests */,
			);
		};
/* End PBXProject section */

/* Begin PBXResourcesBuildPhase section */
		806FA0282A0FB24700240097 /* Resources */ = {
			isa = PBXResourcesBuildPhase;
			buildActionMask = 2147483647;
			files = (
			);
			runOnlyForDeploymentPostprocessing = 0;
		};
		806FA0312A0FB24700240097 /* Resources */ = {
			isa = PBXResourcesBuildPhase;
			buildActionMask = 2147483647;
			files = (
			);
			runOnlyForDeploymentPostprocessing = 0;
		};
		808CF1082A0A5E3700D84032 /* Resources */ = {
			isa = PBXResourcesBuildPhase;
			buildActionMask = 2147483647;
			files = (
				808CF11A2A0A5E3800D84032 /* LaunchScreen.storyboard in Resources */,
				808CF1172A0A5E3800D84032 /* Assets.xcassets in Resources */,
			);
			runOnlyForDeploymentPostprocessing = 0;
		};
		808CF11E2A0A5E3800D84032 /* Resources */ = {
			isa = PBXResourcesBuildPhase;
			buildActionMask = 2147483647;
			files = (
			);
			runOnlyForDeploymentPostprocessing = 0;
		};
/* End PBXResourcesBuildPhase section */

/* Begin PBXSourcesBuildPhase section */
		806FA0262A0FB24700240097 /* Sources */ = {
			isa = PBXSourcesBuildPhase;
			buildActionMask = 2147483647;
			files = (
				806FA02E2A0FB24700240097 /* StoreAppNetwork.docc in Sources */,
				806FA04C2A0FB31D00240097 /* ProductModel.swift in Sources */,
				806FA04F2A0FB3C900240097 /* HTTPClient.swift in Sources */,
				806FA0512A0FB3E800240097 /* URLSessionHTTPClient.swift in Sources */,
			);
			runOnlyForDeploymentPostprocessing = 0;
		};
		806FA02F2A0FB24700240097 /* Sources */ = {
			isa = PBXSourcesBuildPhase;
			buildActionMask = 2147483647;
			files = (
				806FA03B2A0FB24700240097 /* StoreAppNetworkTests.swift in Sources */,
			);
			runOnlyForDeploymentPostprocessing = 0;
		};
		808CF1062A0A5E3700D84032 /* Sources */ = {
			isa = PBXSourcesBuildPhase;
			buildActionMask = 2147483647;
			files = (
				808CF1122A0A5E3700D84032 /* HomeViewController.swift in Sources */,
				808CF1402A0A616000D84032 /* HomeCoordinator.swift in Sources */,
				80604D8A2A0D020E00084061 /* ProductDetailViewController.swift in Sources */,
				808CF10E2A0A5E3700D84032 /* AppDelegate.swift in Sources */,
				808CF1102A0A5E3700D84032 /* SceneDelegate.swift in Sources */,
			);
			runOnlyForDeploymentPostprocessing = 0;
		};
		808CF11C2A0A5E3800D84032 /* Sources */ = {
			isa = PBXSourcesBuildPhase;
			buildActionMask = 2147483647;
			files = (
				808CF1252A0A5E3800D84032 /* StoreAppTests.swift in Sources */,
			);
			runOnlyForDeploymentPostprocessing = 0;
		};
/* End PBXSourcesBuildPhase section */

/* Begin PBXTargetDependency section */
		806FA0362A0FB24700240097 /* PBXTargetDependency */ = {
			isa = PBXTargetDependency;
			target = 806FA0292A0FB24700240097 /* StoreAppNetwork */;
			targetProxy = 806FA0352A0FB24700240097 /* PBXContainerItemProxy */;
		};
		806FA0382A0FB24700240097 /* PBXTargetDependency */ = {
			isa = PBXTargetDependency;
			target = 808CF1092A0A5E3700D84032 /* StoreApp */;
			targetProxy = 806FA0372A0FB24700240097 /* PBXContainerItemProxy */;
		};
		806FA03E2A0FB24700240097 /* PBXTargetDependency */ = {
			isa = PBXTargetDependency;
			target = 806FA0292A0FB24700240097 /* StoreAppNetwork */;
			targetProxy = 806FA03D2A0FB24700240097 /* PBXContainerItemProxy */;
		};
		808CF1222A0A5E3800D84032 /* PBXTargetDependency */ = {
			isa = PBXTargetDependency;
			target = 808CF1092A0A5E3700D84032 /* StoreApp */;
			targetProxy = 808CF1212A0A5E3800D84032 /* PBXContainerItemProxy */;
		};
/* End PBXTargetDependency section */

/* Begin PBXVariantGroup section */
		808CF1182A0A5E3800D84032 /* LaunchScreen.storyboard */ = {
			isa = PBXVariantGroup;
			children = (
				808CF1192A0A5E3800D84032 /* Base */,
			);
			name = LaunchScreen.storyboard;
			sourceTree = "<group>";
		};
/* End PBXVariantGroup section */

/* Begin XCBuildConfiguration section */
		806FA0422A0FB24700240097 /* Debug */ = {
			isa = XCBuildConfiguration;
			buildSettings = {
				CODE_SIGN_STYLE = Automatic;
				CURRENT_PROJECT_VERSION = 1;
				DEFINES_MODULE = YES;
				DEVELOPMENT_TEAM = YL3WUNX77R;
				DYLIB_COMPATIBILITY_VERSION = 1;
				DYLIB_CURRENT_VERSION = 1;
				DYLIB_INSTALL_NAME_BASE = "@rpath";
				ENABLE_MODULE_VERIFIER = YES;
				GENERATE_INFOPLIST_FILE = YES;
				INFOPLIST_KEY_NSHumanReadableCopyright = "";
				INSTALL_PATH = "$(LOCAL_LIBRARY_DIR)/Frameworks";
				LD_RUNPATH_SEARCH_PATHS = (
					"$(inherited)",
					"@executable_path/Frameworks",
					"@loader_path/Frameworks",
				);
				MARKETING_VERSION = 1.0;
				MODULE_VERIFIER_SUPPORTED_LANGUAGES = "objective-c objective-c++";
				MODULE_VERIFIER_SUPPORTED_LANGUAGE_STANDARDS = "gnu11 gnu++20";
				PRODUCT_BUNDLE_IDENTIFIER = br.com.rezena.test.StoreAppNetwork;
				PRODUCT_NAME = "$(TARGET_NAME:c99extidentifier)";
				SKIP_INSTALL = YES;
				SWIFT_EMIT_LOC_STRINGS = YES;
				SWIFT_VERSION = 5.0;
				TARGETED_DEVICE_FAMILY = "1,2";
				VERSIONING_SYSTEM = "apple-generic";
				VERSION_INFO_PREFIX = "";
			};
			name = Debug;
		};
		806FA0432A0FB24700240097 /* Release */ = {
			isa = XCBuildConfiguration;
			buildSettings = {
				CODE_SIGN_STYLE = Automatic;
				CURRENT_PROJECT_VERSION = 1;
				DEFINES_MODULE = YES;
				DEVELOPMENT_TEAM = YL3WUNX77R;
				DYLIB_COMPATIBILITY_VERSION = 1;
				DYLIB_CURRENT_VERSION = 1;
				DYLIB_INSTALL_NAME_BASE = "@rpath";
				ENABLE_MODULE_VERIFIER = YES;
				GENERATE_INFOPLIST_FILE = YES;
				INFOPLIST_KEY_NSHumanReadableCopyright = "";
				INSTALL_PATH = "$(LOCAL_LIBRARY_DIR)/Frameworks";
				LD_RUNPATH_SEARCH_PATHS = (
					"$(inherited)",
					"@executable_path/Frameworks",
					"@loader_path/Frameworks",
				);
				MARKETING_VERSION = 1.0;
				MODULE_VERIFIER_SUPPORTED_LANGUAGES = "objective-c objective-c++";
				MODULE_VERIFIER_SUPPORTED_LANGUAGE_STANDARDS = "gnu11 gnu++20";
				PRODUCT_BUNDLE_IDENTIFIER = br.com.rezena.test.StoreAppNetwork;
				PRODUCT_NAME = "$(TARGET_NAME:c99extidentifier)";
				SKIP_INSTALL = YES;
				SWIFT_EMIT_LOC_STRINGS = YES;
				SWIFT_VERSION = 5.0;
				TARGETED_DEVICE_FAMILY = "1,2";
				VERSIONING_SYSTEM = "apple-generic";
				VERSION_INFO_PREFIX = "";
			};
			name = Release;
		};
		806FA0442A0FB24700240097 /* Debug */ = {
			isa = XCBuildConfiguration;
			buildSettings = {
				ALWAYS_EMBED_SWIFT_STANDARD_LIBRARIES = YES;
				CODE_SIGN_STYLE = Automatic;
				CURRENT_PROJECT_VERSION = 1;
				DEVELOPMENT_TEAM = YL3WUNX77R;
				GENERATE_INFOPLIST_FILE = YES;
				MARKETING_VERSION = 1.0;
				PRODUCT_BUNDLE_IDENTIFIER = br.com.rezena.test.StoreAppNetworkTests;
				PRODUCT_NAME = "$(TARGET_NAME)";
				SWIFT_EMIT_LOC_STRINGS = NO;
				SWIFT_VERSION = 5.0;
				TARGETED_DEVICE_FAMILY = "1,2";
				TEST_HOST = "$(BUILT_PRODUCTS_DIR)/StoreApp.app/$(BUNDLE_EXECUTABLE_FOLDER_PATH)/StoreApp";
			};
			name = Debug;
		};
		806FA0452A0FB24700240097 /* Release */ = {
			isa = XCBuildConfiguration;
			buildSettings = {
				ALWAYS_EMBED_SWIFT_STANDARD_LIBRARIES = YES;
				CODE_SIGN_STYLE = Automatic;
				CURRENT_PROJECT_VERSION = 1;
				DEVELOPMENT_TEAM = YL3WUNX77R;
				GENERATE_INFOPLIST_FILE = YES;
				MARKETING_VERSION = 1.0;
				PRODUCT_BUNDLE_IDENTIFIER = br.com.rezena.test.StoreAppNetworkTests;
				PRODUCT_NAME = "$(TARGET_NAME)";
				SWIFT_EMIT_LOC_STRINGS = NO;
				SWIFT_VERSION = 5.0;
				TARGETED_DEVICE_FAMILY = "1,2";
				TEST_HOST = "$(BUILT_PRODUCTS_DIR)/StoreApp.app/$(BUNDLE_EXECUTABLE_FOLDER_PATH)/StoreApp";
			};
			name = Release;
		};
		808CF1322A0A5E3800D84032 /* Debug */ = {
			isa = XCBuildConfiguration;
			buildSettings = {
				ALWAYS_SEARCH_USER_PATHS = NO;
				CLANG_ANALYZER_NONNULL = YES;
				CLANG_ANALYZER_NUMBER_OBJECT_CONVERSION = YES_AGGRESSIVE;
				CLANG_CXX_LANGUAGE_STANDARD = "gnu++20";
				CLANG_ENABLE_MODULES = YES;
				CLANG_ENABLE_OBJC_ARC = YES;
				CLANG_ENABLE_OBJC_WEAK = YES;
				CLANG_WARN_BLOCK_CAPTURE_AUTORELEASING = YES;
				CLANG_WARN_BOOL_CONVERSION = YES;
				CLANG_WARN_COMMA = YES;
				CLANG_WARN_CONSTANT_CONVERSION = YES;
				CLANG_WARN_DEPRECATED_OBJC_IMPLEMENTATIONS = YES;
				CLANG_WARN_DIRECT_OBJC_ISA_USAGE = YES_ERROR;
				CLANG_WARN_DOCUMENTATION_COMMENTS = YES;
				CLANG_WARN_EMPTY_BODY = YES;
				CLANG_WARN_ENUM_CONVERSION = YES;
				CLANG_WARN_INFINITE_RECURSION = YES;
				CLANG_WARN_INT_CONVERSION = YES;
				CLANG_WARN_NON_LITERAL_NULL_CONVERSION = YES;
				CLANG_WARN_OBJC_IMPLICIT_RETAIN_SELF = YES;
				CLANG_WARN_OBJC_LITERAL_CONVERSION = YES;
				CLANG_WARN_OBJC_ROOT_CLASS = YES_ERROR;
				CLANG_WARN_QUOTED_INCLUDE_IN_FRAMEWORK_HEADER = YES;
				CLANG_WARN_RANGE_LOOP_ANALYSIS = YES;
				CLANG_WARN_STRICT_PROTOTYPES = YES;
				CLANG_WARN_SUSPICIOUS_MOVE = YES;
				CLANG_WARN_UNGUARDED_AVAILABILITY = YES_AGGRESSIVE;
				CLANG_WARN_UNREACHABLE_CODE = YES;
				CLANG_WARN__DUPLICATE_METHOD_MATCH = YES;
				COPY_PHASE_STRIP = NO;
				DEBUG_INFORMATION_FORMAT = dwarf;
				ENABLE_STRICT_OBJC_MSGSEND = YES;
				ENABLE_TESTABILITY = YES;
				GCC_C_LANGUAGE_STANDARD = gnu11;
				GCC_DYNAMIC_NO_PIC = NO;
				GCC_NO_COMMON_BLOCKS = YES;
				GCC_OPTIMIZATION_LEVEL = 0;
				GCC_PREPROCESSOR_DEFINITIONS = (
					"DEBUG=1",
					"$(inherited)",
				);
				GCC_WARN_64_TO_32_BIT_CONVERSION = YES;
				GCC_WARN_ABOUT_RETURN_TYPE = YES_ERROR;
				GCC_WARN_UNDECLARED_SELECTOR = YES;
				GCC_WARN_UNINITIALIZED_AUTOS = YES_AGGRESSIVE;
				GCC_WARN_UNUSED_FUNCTION = YES;
				GCC_WARN_UNUSED_VARIABLE = YES;
				IPHONEOS_DEPLOYMENT_TARGET = 16.4;
				MTL_ENABLE_DEBUG_INFO = INCLUDE_SOURCE;
				MTL_FAST_MATH = YES;
				ONLY_ACTIVE_ARCH = YES;
				SDKROOT = iphoneos;
				SWIFT_ACTIVE_COMPILATION_CONDITIONS = DEBUG;
				SWIFT_OPTIMIZATION_LEVEL = "-Onone";
			};
			name = Debug;
		};
		808CF1332A0A5E3800D84032 /* Release */ = {
			isa = XCBuildConfiguration;
			buildSettings = {
				ALWAYS_SEARCH_USER_PATHS = NO;
				CLANG_ANALYZER_NONNULL = YES;
				CLANG_ANALYZER_NUMBER_OBJECT_CONVERSION = YES_AGGRESSIVE;
				CLANG_CXX_LANGUAGE_STANDARD = "gnu++20";
				CLANG_ENABLE_MODULES = YES;
				CLANG_ENABLE_OBJC_ARC = YES;
				CLANG_ENABLE_OBJC_WEAK = YES;
				CLANG_WARN_BLOCK_CAPTURE_AUTORELEASING = YES;
				CLANG_WARN_BOOL_CONVERSION = YES;
				CLANG_WARN_COMMA = YES;
				CLANG_WARN_CONSTANT_CONVERSION = YES;
				CLANG_WARN_DEPRECATED_OBJC_IMPLEMENTATIONS = YES;
				CLANG_WARN_DIRECT_OBJC_ISA_USAGE = YES_ERROR;
				CLANG_WARN_DOCUMENTATION_COMMENTS = YES;
				CLANG_WARN_EMPTY_BODY = YES;
				CLANG_WARN_ENUM_CONVERSION = YES;
				CLANG_WARN_INFINITE_RECURSION = YES;
				CLANG_WARN_INT_CONVERSION = YES;
				CLANG_WARN_NON_LITERAL_NULL_CONVERSION = YES;
				CLANG_WARN_OBJC_IMPLICIT_RETAIN_SELF = YES;
				CLANG_WARN_OBJC_LITERAL_CONVERSION = YES;
				CLANG_WARN_OBJC_ROOT_CLASS = YES_ERROR;
				CLANG_WARN_QUOTED_INCLUDE_IN_FRAMEWORK_HEADER = YES;
				CLANG_WARN_RANGE_LOOP_ANALYSIS = YES;
				CLANG_WARN_STRICT_PROTOTYPES = YES;
				CLANG_WARN_SUSPICIOUS_MOVE = YES;
				CLANG_WARN_UNGUARDED_AVAILABILITY = YES_AGGRESSIVE;
				CLANG_WARN_UNREACHABLE_CODE = YES;
				CLANG_WARN__DUPLICATE_METHOD_MATCH = YES;
				COPY_PHASE_STRIP = NO;
				DEBUG_INFORMATION_FORMAT = "dwarf-with-dsym";
				ENABLE_NS_ASSERTIONS = NO;
				ENABLE_STRICT_OBJC_MSGSEND = YES;
				GCC_C_LANGUAGE_STANDARD = gnu11;
				GCC_NO_COMMON_BLOCKS = YES;
				GCC_WARN_64_TO_32_BIT_CONVERSION = YES;
				GCC_WARN_ABOUT_RETURN_TYPE = YES_ERROR;
				GCC_WARN_UNDECLARED_SELECTOR = YES;
				GCC_WARN_UNINITIALIZED_AUTOS = YES_AGGRESSIVE;
				GCC_WARN_UNUSED_FUNCTION = YES;
				GCC_WARN_UNUSED_VARIABLE = YES;
				IPHONEOS_DEPLOYMENT_TARGET = 16.4;
				MTL_ENABLE_DEBUG_INFO = NO;
				MTL_FAST_MATH = YES;
				SDKROOT = iphoneos;
				SWIFT_COMPILATION_MODE = wholemodule;
				SWIFT_OPTIMIZATION_LEVEL = "-O";
				VALIDATE_PRODUCT = YES;
			};
			name = Release;
		};
		808CF1352A0A5E3800D84032 /* Debug */ = {
			isa = XCBuildConfiguration;
			buildSettings = {
				ALWAYS_EMBED_SWIFT_STANDARD_LIBRARIES = YES;
				ASSETCATALOG_COMPILER_APPICON_NAME = AppIcon;
				ASSETCATALOG_COMPILER_GLOBAL_ACCENT_COLOR_NAME = AccentColor;
				CODE_SIGN_STYLE = Automatic;
				CURRENT_PROJECT_VERSION = 1;
				DEVELOPMENT_TEAM = YL3WUNX77R;
				GENERATE_INFOPLIST_FILE = YES;
				INFOPLIST_FILE = StoreApp/Info.plist;
				INFOPLIST_KEY_UIApplicationSupportsIndirectInputEvents = YES;
				INFOPLIST_KEY_UILaunchStoryboardName = LaunchScreen;
				INFOPLIST_KEY_UISupportedInterfaceOrientations_iPad = "UIInterfaceOrientationPortrait UIInterfaceOrientationPortraitUpsideDown UIInterfaceOrientationLandscapeLeft UIInterfaceOrientationLandscapeRight";
				INFOPLIST_KEY_UISupportedInterfaceOrientations_iPhone = "UIInterfaceOrientationPortrait UIInterfaceOrientationLandscapeLeft UIInterfaceOrientationLandscapeRight";
				LD_RUNPATH_SEARCH_PATHS = (
					"$(inherited)",
					"@executable_path/Frameworks",
				);
				MARKETING_VERSION = 1.0;
				PRODUCT_BUNDLE_IDENTIFIER = br.com.rezena.test.StoreApp;
				PRODUCT_NAME = "$(TARGET_NAME)";
				SWIFT_EMIT_LOC_STRINGS = YES;
				SWIFT_VERSION = 5.0;
				TARGETED_DEVICE_FAMILY = "1,2";
			};
			name = Debug;
		};
		808CF1362A0A5E3800D84032 /* Release */ = {
			isa = XCBuildConfiguration;
			buildSettings = {
				ALWAYS_EMBED_SWIFT_STANDARD_LIBRARIES = YES;
				ASSETCATALOG_COMPILER_APPICON_NAME = AppIcon;
				ASSETCATALOG_COMPILER_GLOBAL_ACCENT_COLOR_NAME = AccentColor;
				CODE_SIGN_STYLE = Automatic;
				CURRENT_PROJECT_VERSION = 1;
				DEVELOPMENT_TEAM = YL3WUNX77R;
				GENERATE_INFOPLIST_FILE = YES;
				INFOPLIST_FILE = StoreApp/Info.plist;
				INFOPLIST_KEY_UIApplicationSupportsIndirectInputEvents = YES;
				INFOPLIST_KEY_UILaunchStoryboardName = LaunchScreen;
				INFOPLIST_KEY_UISupportedInterfaceOrientations_iPad = "UIInterfaceOrientationPortrait UIInterfaceOrientationPortraitUpsideDown UIInterfaceOrientationLandscapeLeft UIInterfaceOrientationLandscapeRight";
				INFOPLIST_KEY_UISupportedInterfaceOrientations_iPhone = "UIInterfaceOrientationPortrait UIInterfaceOrientationLandscapeLeft UIInterfaceOrientationLandscapeRight";
				LD_RUNPATH_SEARCH_PATHS = (
					"$(inherited)",
					"@executable_path/Frameworks",
				);
				MARKETING_VERSION = 1.0;
				PRODUCT_BUNDLE_IDENTIFIER = br.com.rezena.test.StoreApp;
				PRODUCT_NAME = "$(TARGET_NAME)";
				SWIFT_EMIT_LOC_STRINGS = YES;
				SWIFT_VERSION = 5.0;
				TARGETED_DEVICE_FAMILY = "1,2";
			};
			name = Release;
		};
		808CF1382A0A5E3800D84032 /* Debug */ = {
			isa = XCBuildConfiguration;
			buildSettings = {
				ALWAYS_EMBED_SWIFT_STANDARD_LIBRARIES = YES;
				BUNDLE_LOADER = "$(TEST_HOST)";
				CODE_SIGN_STYLE = Automatic;
				CURRENT_PROJECT_VERSION = 1;
				DEVELOPMENT_TEAM = YL3WUNX77R;
				GENERATE_INFOPLIST_FILE = YES;
				IPHONEOS_DEPLOYMENT_TARGET = 16.4;
				MARKETING_VERSION = 1.0;
				PRODUCT_BUNDLE_IDENTIFIER = br.com.rezena.test.StoreAppTests;
				PRODUCT_NAME = "$(TARGET_NAME)";
				SWIFT_EMIT_LOC_STRINGS = NO;
				SWIFT_VERSION = 5.0;
				TARGETED_DEVICE_FAMILY = "1,2";
				TEST_HOST = "$(BUILT_PRODUCTS_DIR)/StoreApp.app/$(BUNDLE_EXECUTABLE_FOLDER_PATH)/StoreApp";
			};
			name = Debug;
		};
		808CF1392A0A5E3800D84032 /* Release */ = {
			isa = XCBuildConfiguration;
			buildSettings = {
				ALWAYS_EMBED_SWIFT_STANDARD_LIBRARIES = YES;
				BUNDLE_LOADER = "$(TEST_HOST)";
				CODE_SIGN_STYLE = Automatic;
				CURRENT_PROJECT_VERSION = 1;
				DEVELOPMENT_TEAM = YL3WUNX77R;
				GENERATE_INFOPLIST_FILE = YES;
				IPHONEOS_DEPLOYMENT_TARGET = 16.4;
				MARKETING_VERSION = 1.0;
				PRODUCT_BUNDLE_IDENTIFIER = br.com.rezena.test.StoreAppTests;
				PRODUCT_NAME = "$(TARGET_NAME)";
				SWIFT_EMIT_LOC_STRINGS = NO;
				SWIFT_VERSION = 5.0;
				TARGETED_DEVICE_FAMILY = "1,2";
				TEST_HOST = "$(BUILT_PRODUCTS_DIR)/StoreApp.app/$(BUNDLE_EXECUTABLE_FOLDER_PATH)/StoreApp";
			};
			name = Release;
		};
/* End XCBuildConfiguration section */

/* Begin XCConfigurationList section */
		806FA0462A0FB24700240097 /* Build configuration list for PBXNativeTarget "StoreAppNetwork" */ = {
			isa = XCConfigurationList;
			buildConfigurations = (
				806FA0422A0FB24700240097 /* Debug */,
				806FA0432A0FB24700240097 /* Release */,
			);
			defaultConfigurationIsVisible = 0;
			defaultConfigurationName = Release;
		};
		806FA0472A0FB24700240097 /* Build configuration list for PBXNativeTarget "StoreAppNetworkTests" */ = {
			isa = XCConfigurationList;
			buildConfigurations = (
				806FA0442A0FB24700240097 /* Debug */,
				806FA0452A0FB24700240097 /* Release */,
			);
			defaultConfigurationIsVisible = 0;
			defaultConfigurationName = Release;
		};
		808CF1052A0A5E3700D84032 /* Build configuration list for PBXProject "StoreApp" */ = {
			isa = XCConfigurationList;
			buildConfigurations = (
				808CF1322A0A5E3800D84032 /* Debug */,
				808CF1332A0A5E3800D84032 /* Release */,
			);
			defaultConfigurationIsVisible = 0;
			defaultConfigurationName = Release;
		};
		808CF1342A0A5E3800D84032 /* Build configuration list for PBXNativeTarget "StoreApp" */ = {
			isa = XCConfigurationList;
			buildConfigurations = (
				808CF1352A0A5E3800D84032 /* Debug */,
				808CF1362A0A5E3800D84032 /* Release */,
			);
			defaultConfigurationIsVisible = 0;
			defaultConfigurationName = Release;
		};
		808CF1372A0A5E3800D84032 /* Build configuration list for PBXNativeTarget "StoreAppTests" */ = {
			isa = XCConfigurationList;
			buildConfigurations = (
				808CF1382A0A5E3800D84032 /* Debug */,
				808CF1392A0A5E3800D84032 /* Release */,
			);
			defaultConfigurationIsVisible = 0;
			defaultConfigurationName = Release;
		};
/* End XCConfigurationList section */
	};
	rootObject = 808CF1022A0A5E3700D84032 /* Project object */;
}
