// !$*UTF8*$!
{
	archiveVersion = 1;
	classes = {
	};
	objectVersion = 56;
	objects = {

/* Begin PBXBuildFile section */
		808CF10E2A0A5E3700D84032 /* AppDelegate.swift in Sources */ = {isa = PBXBuildFile; fileRef = 808CF10D2A0A5E3700D84032 /* AppDelegate.swift */; };
		808CF1102A0A5E3700D84032 /* SceneDelegate.swift in Sources */ = {isa = PBXBuildFile; fileRef = 808CF10F2A0A5E3700D84032 /* SceneDelegate.swift */; };
		808CF1122A0A5E3700D84032 /* ViewController.swift in Sources */ = {isa = PBXBuildFile; fileRef = 808CF1112A0A5E3700D84032 /* ViewController.swift */; };
		808CF1152A0A5E3700D84032 /* Main.storyboard in Resources */ = {isa = PBXBuildFile; fileRef = 808CF1132A0A5E3700D84032 /* Main.storyboard */; };
		808CF1172A0A5E3800D84032 /* Assets.xcassets in Resources */ = {isa = PBXBuildFile; fileRef = 808CF1162A0A5E3800D84032 /* Assets.xcassets */; };
		808CF11A2A0A5E3800D84032 /* LaunchScreen.storyboard in Resources */ = {isa = PBXBuildFile; fileRef = 808CF1182A0A5E3800D84032 /* LaunchScreen.storyboard */; };
		808CF1252A0A5E3800D84032 /* StoreAppTests.swift in Sources */ = {isa = PBXBuildFile; fileRef = 808CF1242A0A5E3800D84032 /* StoreAppTests.swift */; };
		808CF12F2A0A5E3800D84032 /* StoreAppUITests.swift in Sources */ = {isa = PBXBuildFile; fileRef = 808CF12E2A0A5E3800D84032 /* StoreAppUITests.swift */; };
		808CF1312A0A5E3800D84032 /* StoreAppUITestsLaunchTests.swift in Sources */ = {isa = PBXBuildFile; fileRef = 808CF1302A0A5E3800D84032 /* StoreAppUITestsLaunchTests.swift */; };
/* End PBXBuildFile section */

/* Begin PBXContainerItemProxy section */
		808CF1212A0A5E3800D84032 /* PBXContainerItemProxy */ = {
			isa = PBXContainerItemProxy;
			containerPortal = 808CF1022A0A5E3700D84032 /* Project object */;
			proxyType = 1;
			remoteGlobalIDString = 808CF1092A0A5E3700D84032;
			remoteInfo = StoreApp;
		};
		808CF12B2A0A5E3800D84032 /* PBXContainerItemProxy */ = {
			isa = PBXContainerItemProxy;
			containerPortal = 808CF1022A0A5E3700D84032 /* Project object */;
			proxyType = 1;
			remoteGlobalIDString = 808CF1092A0A5E3700D84032;
			remoteInfo = StoreApp;
		};
/* End PBXContainerItemProxy section */

/* Begin PBXFileReference section */
		808CF10A2A0A5E3700D84032 /* StoreApp.app */ = {isa = PBXFileReference; explicitFileType = wrapper.application; includeInIndex = 0; path = StoreApp.app; sourceTree = BUILT_PRODUCTS_DIR; };
		808CF10D2A0A5E3700D84032 /* AppDelegate.swift */ = {isa = PBXFileReference; lastKnownFileType = sourcecode.swift; path = AppDelegate.swift; sourceTree = "<group>"; };
		808CF10F2A0A5E3700D84032 /* SceneDelegate.swift */ = {isa = PBXFileReference; lastKnownFileType = sourcecode.swift; path = SceneDelegate.swift; sourceTree = "<group>"; };
		808CF1112A0A5E3700D84032 /* ViewController.swift */ = {isa = PBXFileReference; lastKnownFileType = sourcecode.swift; path = ViewController.swift; sourceTree = "<group>"; };
		808CF1142A0A5E3700D84032 /* Base */ = {isa = PBXFileReference; lastKnownFileType = file.storyboard; name = Base; path = Base.lproj/Main.storyboard; sourceTree = "<group>"; };
		808CF1162A0A5E3800D84032 /* Assets.xcassets */ = {isa = PBXFileReference; lastKnownFileType = folder.assetcatalog; path = Assets.xcassets; sourceTree = "<group>"; };
		808CF1192A0A5E3800D84032 /* Base */ = {isa = PBXFileReference; lastKnownFileType = file.storyboard; name = Base; path = Base.lproj/LaunchScreen.storyboard; sourceTree = "<group>"; };
		808CF11B2A0A5E3800D84032 /* Info.plist */ = {isa = PBXFileReference; lastKnownFileType = text.plist.xml; path = Info.plist; sourceTree = "<group>"; };
		808CF1202A0A5E3800D84032 /* StoreAppTests.xctest */ = {isa = PBXFileReference; explicitFileType = wrapper.cfbundle; includeInIndex = 0; path = StoreAppTests.xctest; sourceTree = BUILT_PRODUCTS_DIR; };
		808CF1242A0A5E3800D84032 /* StoreAppTests.swift */ = {isa = PBXFileReference; lastKnownFileType = sourcecode.swift; path = StoreAppTests.swift; sourceTree = "<group>"; };
		808CF12A2A0A5E3800D84032 /* StoreAppUITests.xctest */ = {isa = PBXFileReference; explicitFileType = wrapper.cfbundle; includeInIndex = 0; path = StoreAppUITests.xctest; sourceTree = BUILT_PRODUCTS_DIR; };
		808CF12E2A0A5E3800D84032 /* StoreAppUITests.swift */ = {isa = PBXFileReference; lastKnownFileType = sourcecode.swift; path = StoreAppUITests.swift; sourceTree = "<group>"; };
		808CF1302A0A5E3800D84032 /* StoreAppUITestsLaunchTests.swift */ = {isa = PBXFileReference; lastKnownFileType = sourcecode.swift; path = StoreAppUITestsLaunchTests.swift; sourceTree = "<group>"; };
/* End PBXFileReference section */

/* Begin PBXFrameworksBuildPhase section */
		808CF1072A0A5E3700D84032 /* Frameworks */ = {
			isa = PBXFrameworksBuildPhase;
			buildActionMask = 2147483647;
			files = (
			);
			runOnlyForDeploymentPostprocessing = 0;
		};
		808CF11D2A0A5E3800D84032 /* Frameworks */ = {
			isa = PBXFrameworksBuildPhase;
			buildActionMask = 2147483647;
			files = (
			);
			runOnlyForDeploymentPostprocessing = 0;
		};
		808CF1272A0A5E3800D84032 /* Frameworks */ = {
			isa = PBXFrameworksBuildPhase;
			buildActionMask = 2147483647;
			files = (
			);
			runOnlyForDeploymentPostprocessing = 0;
		};
/* End PBXFrameworksBuildPhase section */

/* Begin PBXGroup section */
		808CF1012A0A5E3700D84032 = {
			isa = PBXGroup;
			children = (
				808CF10C2A0A5E3700D84032 /* StoreApp */,
				808CF1232A0A5E3800D84032 /* StoreAppTests */,
				808CF12D2A0A5E3800D84032 /* StoreAppUITests */,
				808CF10B2A0A5E3700D84032 /* Products */,
			);
			sourceTree = "<group>";
		};
		808CF10B2A0A5E3700D84032 /* Products */ = {
			isa = PBXGroup;
			children = (
				808CF10A2A0A5E3700D84032 /* StoreApp.app */,
				808CF1202A0A5E3800D84032 /* StoreAppTests.xctest */,
				808CF12A2A0A5E3800D84032 /* StoreAppUITests.xctest */,
			);
			name = Products;
			sourceTree = "<group>";
		};
		808CF10C2A0A5E3700D84032 /* StoreApp */ = {
			isa = PBXGroup;
			children = (
				808CF10D2A0A5E3700D84032 /* AppDelegate.swift */,
				808CF10F2A0A5E3700D84032 /* SceneDelegate.swift */,
				808CF1112A0A5E3700D84032 /* ViewController.swift */,
				808CF1132A0A5E3700D84032 /* Main.storyboard */,
				808CF1162A0A5E3800D84032 /* Assets.xcassets */,
				808CF1182A0A5E3800D84032 /* LaunchScreen.storyboard */,
				808CF11B2A0A5E3800D84032 /* Info.plist */,
			);
			path = StoreApp;
			sourceTree = "<group>";
		};
		808CF1232A0A5E3800D84032 /* StoreAppTests */ = {
			isa = PBXGroup;
			children = (
				808CF1242A0A5E3800D84032 /* StoreAppTests.swift */,
			);
			path = StoreAppTests;
			sourceTree = "<group>";
		};
		808CF12D2A0A5E3800D84032 /* StoreAppUITests */ = {
			isa = PBXGroup;
			children = (
				808CF12E2A0A5E3800D84032 /* StoreAppUITests.swift */,
				808CF1302A0A5E3800D84032 /* StoreAppUITestsLaunchTests.swift */,
			);
			path = StoreAppUITests;
			sourceTree = "<group>";
		};
/* End PBXGroup section */

/* Begin PBXNativeTarget section */
		808CF1092A0A5E3700D84032 /* StoreApp */ = {
			isa = PBXNativeTarget;
			buildConfigurationList = 808CF1342A0A5E3800D84032 /* Build configuration list for PBXNativeTarget "StoreApp" */;
			buildPhases = (
				808CF1062A0A5E3700D84032 /* Sources */,
				808CF1072A0A5E3700D84032 /* Frameworks */,
				808CF1082A0A5E3700D84032 /* Resources */,
			);
			buildRules = (
			);
			dependencies = (
			);
			name = StoreApp;
			productName = StoreApp;
			productReference = 808CF10A2A0A5E3700D84032 /* StoreApp.app */;
			productType = "com.apple.product-type.application";
		};
		808CF11F2A0A5E3800D84032 /* StoreAppTests */ = {
			isa = PBXNativeTarget;
			buildConfigurationList = 808CF1372A0A5E3800D84032 /* Build configuration list for PBXNativeTarget "StoreAppTests" */;
			buildPhases = (
				808CF11C2A0A5E3800D84032 /* Sources */,
				808CF11D2A0A5E3800D84032 /* Frameworks */,
				808CF11E2A0A5E3800D84032 /* Resources */,
			);
			buildRules = (
			);
			dependencies = (
				808CF1222A0A5E3800D84032 /* PBXTargetDependency */,
			);
			name = StoreAppTests;
			productName = StoreAppTests;
			productReference = 808CF1202A0A5E3800D84032 /* StoreAppTests.xctest */;
			productType = "com.apple.product-type.bundle.unit-test";
		};
		808CF1292A0A5E3800D84032 /* StoreAppUITests */ = {
			isa = PBXNativeTarget;
			buildConfigurationList = 808CF13A2A0A5E3800D84032 /* Build configuration list for PBXNativeTarget "StoreAppUITests" */;
			buildPhases = (
				808CF1262A0A5E3800D84032 /* Sources */,
				808CF1272A0A5E3800D84032 /* Frameworks */,
				808CF1282A0A5E3800D84032 /* Resources */,
			);
			buildRules = (
			);
			dependencies = (
				808CF12C2A0A5E3800D84032 /* PBXTargetDependency */,
			);
			name = StoreAppUITests;
			productName = StoreAppUITests;
			productReference = 808CF12A2A0A5E3800D84032 /* StoreAppUITests.xctest */;
			productType = "com.apple.product-type.bundle.ui-testing";
		};
/* End PBXNativeTarget section */

/* Begin PBXProject section */
		808CF1022A0A5E3700D84032 /* Project object */ = {
			isa = PBXProject;
			attributes = {
				BuildIndependentTargetsInParallel = 1;
				LastSwiftUpdateCheck = 1430;
				LastUpgradeCheck = 1430;
				TargetAttributes = {
					808CF1092A0A5E3700D84032 = {
						CreatedOnToolsVersion = 14.3;
					};
					808CF11F2A0A5E3800D84032 = {
						CreatedOnToolsVersion = 14.3;
						TestTargetID = 808CF1092A0A5E3700D84032;
					};
					808CF1292A0A5E3800D84032 = {
						CreatedOnToolsVersion = 14.3;
						TestTargetID = 808CF1092A0A5E3700D84032;
					};
				};
			};
			buildConfigurationList = 808CF1052A0A5E3700D84032 /* Build configuration list for PBXProject "StoreApp" */;
			compatibilityVersion = "Xcode 14.0";
			developmentRegion = en;
			hasScannedForEncodings = 0;
			knownRegions = (
				en,
				Base,
			);
			mainGroup = 808CF1012A0A5E3700D84032;
			productRefGroup = 808CF10B2A0A5E3700D84032 /* Products */;
			projectDirPath = "";
			projectRoot = "";
			targets = (
				808CF1092A0A5E3700D84032 /* StoreApp */,
				808CF11F2A0A5E3800D84032 /* StoreAppTests */,
				808CF1292A0A5E3800D84032 /* StoreAppUITests */,
			);
		};
/* End PBXProject section */

/* Begin PBXResourcesBuildPhase section */
		808CF1082A0A5E3700D84032 /* Resources */ = {
			isa = PBXResourcesBuildPhase;
			buildActionMask = 2147483647;
			files = (
				808CF11A2A0A5E3800D84032 /* LaunchScreen.storyboard in Resources */,
				808CF1172A0A5E3800D84032 /* Assets.xcassets in Resources */,
				808CF1152A0A5E3700D84032 /* Main.storyboard in Resources */,
			);
			runOnlyForDeploymentPostprocessing = 0;
		};
		808CF11E2A0A5E3800D84032 /* Resources */ = {
			isa = PBXResourcesBuildPhase;
			buildActionMask = 2147483647;
			files = (
			);
			runOnlyForDeploymentPostprocessing = 0;
		};
		808CF1282A0A5E3800D84032 /* Resources */ = {
			isa = PBXResourcesBuildPhase;
			buildActionMask = 2147483647;
			files = (
			);
			runOnlyForDeploymentPostprocessing = 0;
		};
/* End PBXResourcesBuildPhase section */

/* Begin PBXSourcesBuildPhase section */
		808CF1062A0A5E3700D84032 /* Sources */ = {
			isa = PBXSourcesBuildPhase;
			buildActionMask = 2147483647;
			files = (
				808CF1122A0A5E3700D84032 /* ViewController.swift in Sources */,
				808CF10E2A0A5E3700D84032 /* AppDelegate.swift in Sources */,
				808CF1102A0A5E3700D84032 /* SceneDelegate.swift in Sources */,
			);
			runOnlyForDeploymentPostprocessing = 0;
		};
		808CF11C2A0A5E3800D84032 /* Sources */ = {
			isa = PBXSourcesBuildPhase;
			buildActionMask = 2147483647;
			files = (
				808CF1252A0A5E3800D84032 /* StoreAppTests.swift in Sources */,
			);
			runOnlyForDeploymentPostprocessing = 0;
		};
		808CF1262A0A5E3800D84032 /* Sources */ = {
			isa = PBXSourcesBuildPhase;
			buildActionMask = 2147483647;
			files = (
				808CF1312A0A5E3800D84032 /* StoreAppUITestsLaunchTests.swift in Sources */,
				808CF12F2A0A5E3800D84032 /* StoreAppUITests.swift in Sources */,
			);
			runOnlyForDeploymentPostprocessing = 0;
		};
/* End PBXSourcesBuildPhase section */

/* Begin PBXTargetDependency section */
		808CF1222A0A5E3800D84032 /* PBXTargetDependency */ = {
			isa = PBXTargetDependency;
			target = 808CF1092A0A5E3700D84032 /* StoreApp */;
			targetProxy = 808CF1212A0A5E3800D84032 /* PBXContainerItemProxy */;
		};
		808CF12C2A0A5E3800D84032 /* PBXTargetDependency */ = {
			isa = PBXTargetDependency;
			target = 808CF1092A0A5E3700D84032 /* StoreApp */;
			targetProxy = 808CF12B2A0A5E3800D84032 /* PBXContainerItemProxy */;
		};
/* End PBXTargetDependency section */

/* Begin PBXVariantGroup section */
		808CF1132A0A5E3700D84032 /* Main.storyboard */ = {
			isa = PBXVariantGroup;
			children = (
				808CF1142A0A5E3700D84032 /* Base */,
			);
			name = Main.storyboard;
			sourceTree = "<group>";
		};
		808CF1182A0A5E3800D84032 /* LaunchScreen.storyboard */ = {
			isa = PBXVariantGroup;
			children = (
				808CF1192A0A5E3800D84032 /* Base */,
			);
			name = LaunchScreen.storyboard;
			sourceTree = "<group>";
		};
/* End PBXVariantGroup section */

/* Begin XCBuildConfiguration section */
		808CF1322A0A5E3800D84032 /* Debug */ = {
			isa = XCBuildConfiguration;
			buildSettings = {
				ALWAYS_SEARCH_USER_PATHS = NO;
				CLANG_ANALYZER_NONNULL = YES;
				CLANG_ANALYZER_NUMBER_OBJECT_CONVERSION = YES_AGGRESSIVE;
				CLANG_CXX_LANGUAGE_STANDARD = "gnu++20";
				CLANG_ENABLE_MODULES = YES;
				CLANG_ENABLE_OBJC_ARC = YES;
				CLANG_ENABLE_OBJC_WEAK = YES;
				CLANG_WARN_BLOCK_CAPTURE_AUTORELEASING = YES;
				CLANG_WARN_BOOL_CONVERSION = YES;
				CLANG_WARN_COMMA = YES;
				CLANG_WARN_CONSTANT_CONVERSION = YES;
				CLANG_WARN_DEPRECATED_OBJC_IMPLEMENTATIONS = YES;
				CLANG_WARN_DIRECT_OBJC_ISA_USAGE = YES_ERROR;
				CLANG_WARN_DOCUMENTATION_COMMENTS = YES;
				CLANG_WARN_EMPTY_BODY = YES;
				CLANG_WARN_ENUM_CONVERSION = YES;
				CLANG_WARN_INFINITE_RECURSION = YES;
				CLANG_WARN_INT_CONVERSION = YES;
				CLANG_WARN_NON_LITERAL_NULL_CONVERSION = YES;
				CLANG_WARN_OBJC_IMPLICIT_RETAIN_SELF = YES;
				CLANG_WARN_OBJC_LITERAL_CONVERSION = YES;
				CLANG_WARN_OBJC_ROOT_CLASS = YES_ERROR;
				CLANG_WARN_QUOTED_INCLUDE_IN_FRAMEWORK_HEADER = YES;
				CLANG_WARN_RANGE_LOOP_ANALYSIS = YES;
				CLANG_WARN_STRICT_PROTOTYPES = YES;
				CLANG_WARN_SUSPICIOUS_MOVE = YES;
				CLANG_WARN_UNGUARDED_AVAILABILITY = YES_AGGRESSIVE;
				CLANG_WARN_UNREACHABLE_CODE = YES;
				CLANG_WARN__DUPLICATE_METHOD_MATCH = YES;
				COPY_PHASE_STRIP = NO;
				DEBUG_INFORMATION_FORMAT = dwarf;
				ENABLE_STRICT_OBJC_MSGSEND = YES;
				ENABLE_TESTABILITY = YES;
				GCC_C_LANGUAGE_STANDARD = gnu11;
				GCC_DYNAMIC_NO_PIC = NO;
				GCC_NO_COMMON_BLOCKS = YES;
				GCC_OPTIMIZATION_LEVEL = 0;
				GCC_PREPROCESSOR_DEFINITIONS = (
					"DEBUG=1",
					"$(inherited)",
				);
				GCC_WARN_64_TO_32_BIT_CONVERSION = YES;
				GCC_WARN_ABOUT_RETURN_TYPE = YES_ERROR;
				GCC_WARN_UNDECLARED_SELECTOR = YES;
				GCC_WARN_UNINITIALIZED_AUTOS = YES_AGGRESSIVE;
				GCC_WARN_UNUSED_FUNCTION = YES;
				GCC_WARN_UNUSED_VARIABLE = YES;
				IPHONEOS_DEPLOYMENT_TARGET = 16.4;
				MTL_ENABLE_DEBUG_INFO = INCLUDE_SOURCE;
				MTL_FAST_MATH = YES;
				ONLY_ACTIVE_ARCH = YES;
				SDKROOT = iphoneos;
				SWIFT_ACTIVE_COMPILATION_CONDITIONS = DEBUG;
				SWIFT_OPTIMIZATION_LEVEL = "-Onone";
			};
			name = Debug;
		};
		808CF1332A0A5E3800D84032 /* Release */ = {
			isa = XCBuildConfiguration;
			buildSettings = {
				ALWAYS_SEARCH_USER_PATHS = NO;
				CLANG_ANALYZER_NONNULL = YES;
				CLANG_ANALYZER_NUMBER_OBJECT_CONVERSION = YES_AGGRESSIVE;
				CLANG_CXX_LANGUAGE_STANDARD = "gnu++20";
				CLANG_ENABLE_MODULES = YES;
				CLANG_ENABLE_OBJC_ARC = YES;
				CLANG_ENABLE_OBJC_WEAK = YES;
				CLANG_WARN_BLOCK_CAPTURE_AUTORELEASING = YES;
				CLANG_WARN_BOOL_CONVERSION = YES;
				CLANG_WARN_COMMA = YES;
				CLANG_WARN_CONSTANT_CONVERSION = YES;
				CLANG_WARN_DEPRECATED_OBJC_IMPLEMENTATIONS = YES;
				CLANG_WARN_DIRECT_OBJC_ISA_USAGE = YES_ERROR;
				CLANG_WARN_DOCUMENTATION_COMMENTS = YES;
				CLANG_WARN_EMPTY_BODY = YES;
				CLANG_WARN_ENUM_CONVERSION = YES;
				CLANG_WARN_INFINITE_RECURSION = YES;
				CLANG_WARN_INT_CONVERSION = YES;
				CLANG_WARN_NON_LITERAL_NULL_CONVERSION = YES;
				CLANG_WARN_OBJC_IMPLICIT_RETAIN_SELF = YES;
				CLANG_WARN_OBJC_LITERAL_CONVERSION = YES;
				CLANG_WARN_OBJC_ROOT_CLASS = YES_ERROR;
				CLANG_WARN_QUOTED_INCLUDE_IN_FRAMEWORK_HEADER = YES;
				CLANG_WARN_RANGE_LOOP_ANALYSIS = YES;
				CLANG_WARN_STRICT_PROTOTYPES = YES;
				CLANG_WARN_SUSPICIOUS_MOVE = YES;
				CLANG_WARN_UNGUARDED_AVAILABILITY = YES_AGGRESSIVE;
				CLANG_WARN_UNREACHABLE_CODE = YES;
				CLANG_WARN__DUPLICATE_METHOD_MATCH = YES;
				COPY_PHASE_STRIP = NO;
				DEBUG_INFORMATION_FORMAT = "dwarf-with-dsym";
				ENABLE_NS_ASSERTIONS = NO;
				ENABLE_STRICT_OBJC_MSGSEND = YES;
				GCC_C_LANGUAGE_STANDARD = gnu11;
				GCC_NO_COMMON_BLOCKS = YES;
				GCC_WARN_64_TO_32_BIT_CONVERSION = YES;
				GCC_WARN_ABOUT_RETURN_TYPE = YES_ERROR;
				GCC_WARN_UNDECLARED_SELECTOR = YES;
				GCC_WARN_UNINITIALIZED_AUTOS = YES_AGGRESSIVE;
				GCC_WARN_UNUSED_FUNCTION = YES;
				GCC_WARN_UNUSED_VARIABLE = YES;
				IPHONEOS_DEPLOYMENT_TARGET = 16.4;
				MTL_ENABLE_DEBUG_INFO = NO;
				MTL_FAST_MATH = YES;
				SDKROOT = iphoneos;
				SWIFT_COMPILATION_MODE = wholemodule;
				SWIFT_OPTIMIZATION_LEVEL = "-O";
				VALIDATE_PRODUCT = YES;
			};
			name = Release;
		};
		808CF1352A0A5E3800D84032 /* Debug */ = {
			isa = XCBuildConfiguration;
			buildSettings = {
				ASSETCATALOG_COMPILER_APPICON_NAME = AppIcon;
				ASSETCATALOG_COMPILER_GLOBAL_ACCENT_COLOR_NAME = AccentColor;
				CODE_SIGN_STYLE = Automatic;
				CURRENT_PROJECT_VERSION = 1;
				DEVELOPMENT_TEAM = YL3WUNX77R;
				GENERATE_INFOPLIST_FILE = YES;
				INFOPLIST_FILE = StoreApp/Info.plist;
				INFOPLIST_KEY_UIApplicationSupportsIndirectInputEvents = YES;
				INFOPLIST_KEY_UILaunchStoryboardName = LaunchScreen;
				INFOPLIST_KEY_UIMainStoryboardFile = Main;
				INFOPLIST_KEY_UISupportedInterfaceOrientations_iPad = "UIInterfaceOrientationPortrait UIInterfaceOrientationPortraitUpsideDown UIInterfaceOrientationLandscapeLeft UIInterfaceOrientationLandscapeRight";
				INFOPLIST_KEY_UISupportedInterfaceOrientations_iPhone = "UIInterfaceOrientationPortrait UIInterfaceOrientationLandscapeLeft UIInterfaceOrientationLandscapeRight";
				LD_RUNPATH_SEARCH_PATHS = (
					"$(inherited)",
					"@executable_path/Frameworks",
				);
				MARKETING_VERSION = 1.0;
				PRODUCT_BUNDLE_IDENTIFIER = br.com.rezena.test.StoreApp;
				PRODUCT_NAME = "$(TARGET_NAME)";
				SWIFT_EMIT_LOC_STRINGS = YES;
				SWIFT_VERSION = 5.0;
				TARGETED_DEVICE_FAMILY = "1,2";
			};
			name = Debug;
		};
		808CF1362A0A5E3800D84032 /* Release */ = {
			isa = XCBuildConfiguration;
			buildSettings = {
				ASSETCATALOG_COMPILER_APPICON_NAME = AppIcon;
				ASSETCATALOG_COMPILER_GLOBAL_ACCENT_COLOR_NAME = AccentColor;
				CODE_SIGN_STYLE = Automatic;
				CURRENT_PROJECT_VERSION = 1;
				DEVELOPMENT_TEAM = YL3WUNX77R;
				GENERATE_INFOPLIST_FILE = YES;
				INFOPLIST_FILE = StoreApp/Info.plist;
				INFOPLIST_KEY_UIApplicationSupportsIndirectInputEvents = YES;
				INFOPLIST_KEY_UILaunchStoryboardName = LaunchScreen;
				INFOPLIST_KEY_UIMainStoryboardFile = Main;
				INFOPLIST_KEY_UISupportedInterfaceOrientations_iPad = "UIInterfaceOrientationPortrait UIInterfaceOrientationPortraitUpsideDown UIInterfaceOrientationLandscapeLeft UIInterfaceOrientationLandscapeRight";
				INFOPLIST_KEY_UISupportedInterfaceOrientations_iPhone = "UIInterfaceOrientationPortrait UIInterfaceOrientationLandscapeLeft UIInterfaceOrientationLandscapeRight";
				LD_RUNPATH_SEARCH_PATHS = (
					"$(inherited)",
					"@executable_path/Frameworks",
				);
				MARKETING_VERSION = 1.0;
				PRODUCT_BUNDLE_IDENTIFIER = br.com.rezena.test.StoreApp;
				PRODUCT_NAME = "$(TARGET_NAME)";
				SWIFT_EMIT_LOC_STRINGS = YES;
				SWIFT_VERSION = 5.0;
				TARGETED_DEVICE_FAMILY = "1,2";
			};
			name = Release;
		};
		808CF1382A0A5E3800D84032 /* Debug */ = {
			isa = XCBuildConfiguration;
			buildSettings = {
				ALWAYS_EMBED_SWIFT_STANDARD_LIBRARIES = YES;
				BUNDLE_LOADER = "$(TEST_HOST)";
				CODE_SIGN_STYLE = Automatic;
				CURRENT_PROJECT_VERSION = 1;
				DEVELOPMENT_TEAM = YL3WUNX77R;
				GENERATE_INFOPLIST_FILE = YES;
				IPHONEOS_DEPLOYMENT_TARGET = 16.4;
				MARKETING_VERSION = 1.0;
				PRODUCT_BUNDLE_IDENTIFIER = br.com.rezena.test.StoreAppTests;
				PRODUCT_NAME = "$(TARGET_NAME)";
				SWIFT_EMIT_LOC_STRINGS = NO;
				SWIFT_VERSION = 5.0;
				TARGETED_DEVICE_FAMILY = "1,2";
				TEST_HOST = "$(BUILT_PRODUCTS_DIR)/StoreApp.app/$(BUNDLE_EXECUTABLE_FOLDER_PATH)/StoreApp";
			};
			name = Debug;
		};
		808CF1392A0A5E3800D84032 /* Release */ = {
			isa = XCBuildConfiguration;
			buildSettings = {
				ALWAYS_EMBED_SWIFT_STANDARD_LIBRARIES = YES;
				BUNDLE_LOADER = "$(TEST_HOST)";
				CODE_SIGN_STYLE = Automatic;
				CURRENT_PROJECT_VERSION = 1;
				DEVELOPMENT_TEAM = YL3WUNX77R;
				GENERATE_INFOPLIST_FILE = YES;
				IPHONEOS_DEPLOYMENT_TARGET = 16.4;
				MARKETING_VERSION = 1.0;
				PRODUCT_BUNDLE_IDENTIFIER = br.com.rezena.test.StoreAppTests;
				PRODUCT_NAME = "$(TARGET_NAME)";
				SWIFT_EMIT_LOC_STRINGS = NO;
				SWIFT_VERSION = 5.0;
				TARGETED_DEVICE_FAMILY = "1,2";
				TEST_HOST = "$(BUILT_PRODUCTS_DIR)/StoreApp.app/$(BUNDLE_EXECUTABLE_FOLDER_PATH)/StoreApp";
			};
			name = Release;
		};
		808CF13B2A0A5E3800D84032 /* Debug */ = {
			isa = XCBuildConfiguration;
			buildSettings = {
				ALWAYS_EMBED_SWIFT_STANDARD_LIBRARIES = YES;
				CODE_SIGN_STYLE = Automatic;
				CURRENT_PROJECT_VERSION = 1;
				DEVELOPMENT_TEAM = YL3WUNX77R;
				GENERATE_INFOPLIST_FILE = YES;
				MARKETING_VERSION = 1.0;
				PRODUCT_BUNDLE_IDENTIFIER = br.com.rezena.test.StoreAppUITests;
				PRODUCT_NAME = "$(TARGET_NAME)";
				SWIFT_EMIT_LOC_STRINGS = NO;
				SWIFT_VERSION = 5.0;
				TARGETED_DEVICE_FAMILY = "1,2";
				TEST_TARGET_NAME = StoreApp;
			};
			name = Debug;
		};
		808CF13C2A0A5E3800D84032 /* Release */ = {
			isa = XCBuildConfiguration;
			buildSettings = {
				ALWAYS_EMBED_SWIFT_STANDARD_LIBRARIES = YES;
				CODE_SIGN_STYLE = Automatic;
				CURRENT_PROJECT_VERSION = 1;
				DEVELOPMENT_TEAM = YL3WUNX77R;
				GENERATE_INFOPLIST_FILE = YES;
				MARKETING_VERSION = 1.0;
				PRODUCT_BUNDLE_IDENTIFIER = br.com.rezena.test.StoreAppUITests;
				PRODUCT_NAME = "$(TARGET_NAME)";
				SWIFT_EMIT_LOC_STRINGS = NO;
				SWIFT_VERSION = 5.0;
				TARGETED_DEVICE_FAMILY = "1,2";
				TEST_TARGET_NAME = StoreApp;
			};
			name = Release;
		};
/* End XCBuildConfiguration section */

/* Begin XCConfigurationList section */
		808CF1052A0A5E3700D84032 /* Build configuration list for PBXProject "StoreApp" */ = {
			isa = XCConfigurationList;
			buildConfigurations = (
				808CF1322A0A5E3800D84032 /* Debug */,
				808CF1332A0A5E3800D84032 /* Release */,
			);
			defaultConfigurationIsVisible = 0;
			defaultConfigurationName = Release;
		};
		808CF1342A0A5E3800D84032 /* Build configuration list for PBXNativeTarget "StoreApp" */ = {
			isa = XCConfigurationList;
			buildConfigurations = (
				808CF1352A0A5E3800D84032 /* Debug */,
				808CF1362A0A5E3800D84032 /* Release */,
			);
			defaultConfigurationIsVisible = 0;
			defaultConfigurationName = Release;
		};
		808CF1372A0A5E3800D84032 /* Build configuration list for PBXNativeTarget "StoreAppTests" */ = {
			isa = XCConfigurationList;
			buildConfigurations = (
				808CF1382A0A5E3800D84032 /* Debug */,
				808CF1392A0A5E3800D84032 /* Release */,
			);
			defaultConfigurationIsVisible = 0;
			defaultConfigurationName = Release;
		};
		808CF13A2A0A5E3800D84032 /* Build configuration list for PBXNativeTarget "StoreAppUITests" */ = {
			isa = XCConfigurationList;
			buildConfigurations = (
				808CF13B2A0A5E3800D84032 /* Debug */,
				808CF13C2A0A5E3800D84032 /* Release */,
			);
			defaultConfigurationIsVisible = 0;
			defaultConfigurationName = Release;
		};
/* End XCConfigurationList section */
	};
	rootObject = 808CF1022A0A5E3700D84032 /* Project object */;
}
